{
  "name": "smartlaketopictoappsync",
  "version": "2.0.0",
  "lockfileVersion": 2,
  "requires": true,
  "packages": {
    "": {
      "name": "smartlaketopictoappsync",
      "version": "2.0.0",
      "license": "Apache-2.0",
      "devDependencies": {
        "@types/aws-lambda": "^8.10.92"
      }
    },
    "node_modules/@types/aws-lambda": {
      "version": "8.10.103",
      "resolved": "https://registry.npmjs.org/@types/aws-lambda/-/aws-lambda-8.10.103.tgz",
      "integrity": "sha512-mYWsrM5YPmnyJru7kMDX8RYSc486sDqVOP1kUdotthD3YjJ57iTBN3N7MMtL1qdVoPW2YmCnNnWscyidmPe6Gw==",
      "dev": true
    }
  },
  "dependencies": {
    "@types/aws-lambda": {
      "version": "8.10.103",
      "resolved": "https://registry.npmjs.org/@types/aws-lambda/-/aws-lambda-8.10.103.tgz",
      "integrity": "sha512-mYWsrM5YPmnyJru7kMDX8RYSc486sDqVOP1kUdotthD3YjJ57iTBN3N7MMtL1qdVoPW2YmCnNnWscyidmPe6Gw==",
      "dev": true
    }
  }
}
